
Microsoft Visual Studio Solution File, Format Version 12.00
# Visual Studio 15
VisualStudioVersion = 15.0.28307.329
MinimumVisualStudioVersion = 10.0.40219.1
Project("{FAE04EC0-301F-11D3-BF4B-00C04F79EFBC}") = "AspectAvancer", "AspectAvancer\AspectAvancer.csproj", "{E59B23C1-5EDB-4161-BD1C-F44DE32D9548}"
EndProject
Global
	GlobalSection(SolutionConfigurationPlatforms) = preSolution
		Debug|Any CPU = Debug|Any CPU
		Release|Any CPU = Release|Any CPU
	EndGlobalSection
	GlobalSection(ProjectConfigurationPlatforms) = postSolution
		{E59B23C1-5EDB-4161-BD1C-F44DE32D9548}.Debug|Any CPU.ActiveCfg = Debug|Any CPU
		{E59B23C1-5EDB-4161-BD1C-F44DE32D9548}.Debug|Any CPU.Build.0 = Debug|Any CPU
		{E59B23C1-5EDB-4161-BD1C-F44DE32D9548}.Release|Any CPU.ActiveCfg = Release|Any CPU
		{E59B23C1-5EDB-4161-BD1C-F44DE32D9548}.Release|Any CPU.Build.0 = Release|Any CPU
	EndGlobalSection
	GlobalSection(SolutionProperties) = preSolution
		HideSolutionNode = FALSE
	EndGlobalSection
	GlobalSection(ExtensibilityGlobals) = postSolution
		SolutionGuid = {841445C5-272F-469F-9FB8-79E52E367A4F}
	EndGlobalSection
EndGlobal
