
Microsoft Visual Studio Solution File, Format Version 12.00
# Visual Studio 15
VisualStudioVersion = 15.0.28307.329
MinimumVisualStudioVersion = 10.0.40219.1
Project("{FAE04EC0-301F-11D3-BF4B-00C04F79EFBC}") = "ProjetFinal", "ProjetFinal\ProjetFinal.csproj", "{1347EA5A-DCE3-4A3F-8679-673ABCB5E24F}"
EndProject
Project("{FAE04EC0-301F-11D3-BF4B-00C04F79EFBC}") = "ProjetFinalDll", "ClassLibrary1\ProjetFinalDll.csproj", "{9A86C67A-6C05-40E0-ACF9-C23A0C4E979A}"
EndProject
Project("{FAE04EC0-301F-11D3-BF4B-00C04F79EFBC}") = "ProjetFinalDllTests", "ProjetFinalDllTests\ProjetFinalDllTests.csproj", "{1B18529D-C01E-4C8C-B838-A11046A6F80A}"
EndProject
Global
	GlobalSection(SolutionConfigurationPlatforms) = preSolution
		Debug|Any CPU = Debug|Any CPU
		Release|Any CPU = Release|Any CPU
	EndGlobalSection
	GlobalSection(ProjectConfigurationPlatforms) = postSolution
		{1347EA5A-DCE3-4A3F-8679-673ABCB5E24F}.Debug|Any CPU.ActiveCfg = Debug|Any CPU
		{1347EA5A-DCE3-4A3F-8679-673ABCB5E24F}.Debug|Any CPU.Build.0 = Debug|Any CPU
		{1347EA5A-DCE3-4A3F-8679-673ABCB5E24F}.Release|Any CPU.ActiveCfg = Release|Any CPU
		{1347EA5A-DCE3-4A3F-8679-673ABCB5E24F}.Release|Any CPU.Build.0 = Release|Any CPU
		{9A86C67A-6C05-40E0-ACF9-C23A0C4E979A}.Debug|Any CPU.ActiveCfg = Debug|Any CPU
		{9A86C67A-6C05-40E0-ACF9-C23A0C4E979A}.Debug|Any CPU.Build.0 = Debug|Any CPU
		{9A86C67A-6C05-40E0-ACF9-C23A0C4E979A}.Release|Any CPU.ActiveCfg = Release|Any CPU
		{9A86C67A-6C05-40E0-ACF9-C23A0C4E979A}.Release|Any CPU.Build.0 = Release|Any CPU
		{1B18529D-C01E-4C8C-B838-A11046A6F80A}.Debug|Any CPU.ActiveCfg = Debug|Any CPU
		{1B18529D-C01E-4C8C-B838-A11046A6F80A}.Debug|Any CPU.Build.0 = Debug|Any CPU
		{1B18529D-C01E-4C8C-B838-A11046A6F80A}.Release|Any CPU.ActiveCfg = Release|Any CPU
		{1B18529D-C01E-4C8C-B838-A11046A6F80A}.Release|Any CPU.Build.0 = Release|Any CPU
	EndGlobalSection
	GlobalSection(SolutionProperties) = preSolution
		HideSolutionNode = FALSE
	EndGlobalSection
	GlobalSection(ExtensibilityGlobals) = postSolution
		SolutionGuid = {F694C4E5-F464-4821-9237-C0E47F77DC9E}
	EndGlobalSection
EndGlobal
